
Microsoft Visual Studio Solution File, Format Version 12.00
# Visual Studio Version 17
VisualStudioVersion = 17.13.35825.156
MinimumVisualStudioVersion = 10.0.40219.1
Project("{FAE04EC0-301F-11D3-BF4B-00C04F79EFBC}") = "HomeWork1", "HomeWork1\HomeWork1.csproj", "{3E7CD85D-35E6-4470-A96D-9D3B2756B34C}"
EndProject
Project("{FAE04EC0-301F-11D3-BF4B-00C04F79EFBC}") = "IceCreamStoreRepostery", "IceCreamStoreRepostery\IceCreamStoreRepostery.csproj", "{050C3C6D-5786-4AB2-A6A5-05974D26300C}"
EndProject
Project("{FAE04EC0-301F-11D3-BF4B-00C04F79EFBC}") = "IceCreamStoreService", "IceCreamService\IceCreamStoreService.csproj", "{322BB447-4BC6-442C-9573-CFBFE71C74E6}"
EndProject
Project("{FAE04EC0-301F-11D3-BF4B-00C04F79EFBC}") = "Entity", "Entity\Entity.csproj", "{8F6E52DB-CFDD-4722-A4C2-74B386A3E306}"
EndProject
Project("{2150E333-8FDC-42A3-9474-1A3956D46DE8}") = "Solution Items", "Solution Items", "{02EA681E-C7D8-13C7-8484-4AC65E1B71E8}"
	ProjectSection(SolutionItems) = preProject
		.editorconfig = .editorconfig
	EndProjectSection
EndProject
Project("{FAE04EC0-301F-11D3-BF4B-00C04F79EFBC}") = "TestIceCreamStore", "TestIceCreamStore\TestIceCreamStore.csproj", "{6F133384-1939-402D-96BB-712C4C45550A}"
EndProject
Global
	GlobalSection(SolutionConfigurationPlatforms) = preSolution
		Debug|Any CPU = Debug|Any CPU
		Release|Any CPU = Release|Any CPU
	EndGlobalSection
	GlobalSection(ProjectConfigurationPlatforms) = postSolution
		{3E7CD85D-35E6-4470-A96D-9D3B2756B34C}.Debug|Any CPU.ActiveCfg = Debug|Any CPU
		{3E7CD85D-35E6-4470-A96D-9D3B2756B34C}.Debug|Any CPU.Build.0 = Debug|Any CPU
		{3E7CD85D-35E6-4470-A96D-9D3B2756B34C}.Release|Any CPU.ActiveCfg = Release|Any CPU
		{3E7CD85D-35E6-4470-A96D-9D3B2756B34C}.Release|Any CPU.Build.0 = Release|Any CPU
		{050C3C6D-5786-4AB2-A6A5-05974D26300C}.Debug|Any CPU.ActiveCfg = Debug|Any CPU
		{050C3C6D-5786-4AB2-A6A5-05974D26300C}.Debug|Any CPU.Build.0 = Debug|Any CPU
		{050C3C6D-5786-4AB2-A6A5-05974D26300C}.Release|Any CPU.ActiveCfg = Release|Any CPU
		{050C3C6D-5786-4AB2-A6A5-05974D26300C}.Release|Any CPU.Build.0 = Release|Any CPU
		{322BB447-4BC6-442C-9573-CFBFE71C74E6}.Debug|Any CPU.ActiveCfg = Debug|Any CPU
		{322BB447-4BC6-442C-9573-CFBFE71C74E6}.Debug|Any CPU.Build.0 = Debug|Any CPU
		{322BB447-4BC6-442C-9573-CFBFE71C74E6}.Release|Any CPU.ActiveCfg = Release|Any CPU
		{322BB447-4BC6-442C-9573-CFBFE71C74E6}.Release|Any CPU.Build.0 = Release|Any CPU
		{8F6E52DB-CFDD-4722-A4C2-74B386A3E306}.Debug|Any CPU.ActiveCfg = Debug|Any CPU
		{8F6E52DB-CFDD-4722-A4C2-74B386A3E306}.Debug|Any CPU.Build.0 = Debug|Any CPU
		{8F6E52DB-CFDD-4722-A4C2-74B386A3E306}.Release|Any CPU.ActiveCfg = Release|Any CPU
		{8F6E52DB-CFDD-4722-A4C2-74B386A3E306}.Release|Any CPU.Build.0 = Release|Any CPU
		{6F133384-1939-402D-96BB-712C4C45550A}.Debug|Any CPU.ActiveCfg = Debug|Any CPU
		{6F133384-1939-402D-96BB-712C4C45550A}.Debug|Any CPU.Build.0 = Debug|Any CPU
		{6F133384-1939-402D-96BB-712C4C45550A}.Release|Any CPU.ActiveCfg = Release|Any CPU
		{6F133384-1939-402D-96BB-712C4C45550A}.Release|Any CPU.Build.0 = Release|Any CPU
	EndGlobalSection
	GlobalSection(SolutionProperties) = preSolution
		HideSolutionNode = FALSE
	EndGlobalSection
	GlobalSection(ExtensibilityGlobals) = postSolution
		SolutionGuid = {840C12D0-0008-4B36-B103-BD446CDD8EB8}
	EndGlobalSection
EndGlobal
